// !$*UTF8*$!
{
	archiveVersion = 1;
	classes = {
	};
	objectVersion = 77;
	objects = {

/* Begin PBXContainerItemProxy section */
		139233D82CF67C05003802F6 /* PBXContainerItemProxy */ = {
			isa = PBXContainerItemProxy;
			containerPortal = 139233BF2CF67C03003802F6 /* Project object */;
			proxyType = 1;
			remoteGlobalIDString = 139233C62CF67C03003802F6;
			remoteInfo = FloralDesignStudio;
		};
		139233E22CF67C05003802F6 /* PBXContainerItemProxy */ = {
			isa = PBXContainerItemProxy;
			containerPortal = 139233BF2CF67C03003802F6 /* Project object */;
			proxyType = 1;
			remoteGlobalIDString = 139233C62CF67C03003802F6;
			remoteInfo = FloralDesignStudio;
		};
/* End PBXContainerItemProxy section */

/* Begin PBXFileReference section */
		139233C72CF67C03003802F6 /* FloralDesignStudio.app */ = {isa = PBXFileReference; explicitFileType = wrapper.application; includeInIndex = 0; path = FloralDesignStudio.app; sourceTree = BUILT_PRODUCTS_DIR; };
		139233D72CF67C05003802F6 /* FloralDesignStudioTests.xctest */ = {isa = PBXFileReference; explicitFileType = wrapper.cfbundle; includeInIndex = 0; path = FloralDesignStudioTests.xctest; sourceTree = BUILT_PRODUCTS_DIR; };
		139233E12CF67C05003802F6 /* FloralDesignStudioUITests.xctest */ = {isa = PBXFileReference; explicitFileType = wrapper.cfbundle; includeInIndex = 0; path = FloralDesignStudioUITests.xctest; sourceTree = BUILT_PRODUCTS_DIR; };
/* End PBXFileReference section */

/* Begin PBXFileSystemSynchronizedRootGroup section */
		139233C92CF67C03003802F6 /* FloralDesignStudio */ = {
			isa = PBXFileSystemSynchronizedRootGroup;
			path = FloralDesignStudio;
			sourceTree = "<group>";
		};
		139233DA2CF67C05003802F6 /* FloralDesignStudioTests */ = {
			isa = PBXFileSystemSynchronizedRootGroup;
			path = FloralDesignStudioTests;
			sourceTree = "<group>";
		};
		139233E42CF67C05003802F6 /* FloralDesignStudioUITests */ = {
			isa = PBXFileSystemSynchronizedRootGroup;
			path = FloralDesignStudioUITests;
			sourceTree = "<group>";
		};
/* End PBXFileSystemSynchronizedRootGroup section */

/* Begin PBXFrameworksBuildPhase section */
		139233C42CF67C03003802F6 /* Frameworks */ = {
			isa = PBXFrameworksBuildPhase;
			buildActionMask = 2147483647;
			files = (
			);
			runOnlyForDeploymentPostprocessing = 0;
		};
		139233D42CF67C05003802F6 /* Frameworks */ = {
			isa = PBXFrameworksBuildPhase;
			buildActionMask = 2147483647;
			files = (
			);
			runOnlyForDeploymentPostprocessing = 0;
		};
		139233DE2CF67C05003802F6 /* Frameworks */ = {
			isa = PBXFrameworksBuildPhase;
			buildActionMask = 2147483647;
			files = (
			);
			runOnlyForDeploymentPostprocessing = 0;
		};
/* End PBXFrameworksBuildPhase section */

/* Begin PBXGroup section */
		139233BE2CF67C03003802F6 = {
			isa = PBXGroup;
			children = (
				139233C92CF67C03003802F6 /* FloralDesignStudio */,
				139233DA2CF67C05003802F6 /* FloralDesignStudioTests */,
				139233E42CF67C05003802F6 /* FloralDesignStudioUITests */,
				139233C82CF67C03003802F6 /* Products */,
			);
			sourceTree = "<group>";
		};
		139233C82CF67C03003802F6 /* Products */ = {
			isa = PBXGroup;
			children = (
				139233C72CF67C03003802F6 /* FloralDesignStudio.app */,
				139233D72CF67C05003802F6 /* FloralDesignStudioTests.xctest */,
				139233E12CF67C05003802F6 /* FloralDesignStudioUITests.xctest */,
			);
			name = Products;
			sourceTree = "<group>";
		};
/* End PBXGroup section */

/* Begin PBXNativeTarget section */
		139233C62CF67C03003802F6 /* FloralDesignStudio */ = {
			isa = PBXNativeTarget;
			buildConfigurationList = 139233EB2CF67C05003802F6 /* Build configuration list for PBXNativeTarget "FloralDesignStudio" */;
			buildPhases = (
				139233C32CF67C03003802F6 /* Sources */,
				139233C42CF67C03003802F6 /* Frameworks */,
				139233C52CF67C03003802F6 /* Resources */,
			);
			buildRules = (
			);
			dependencies = (
			);
			fileSystemSynchronizedGroups = (
				139233C92CF67C03003802F6 /* FloralDesignStudio */,
			);
			name = FloralDesignStudio;
			packageProductDependencies = (
			);
			productName = FloralDesignStudio;
			productReference = 139233C72CF67C03003802F6 /* FloralDesignStudio.app */;
			productType = "com.apple.product-type.application";
		};
		139233D62CF67C05003802F6 /* FloralDesignStudioTests */ = {
			isa = PBXNativeTarget;
			buildConfigurationList = 139233EE2CF67C05003802F6 /* Build configuration list for PBXNativeTarget "FloralDesignStudioTests" */;
			buildPhases = (
				139233D32CF67C05003802F6 /* Sources */,
				139233D42CF67C05003802F6 /* Frameworks */,
				139233D52CF67C05003802F6 /* Resources */,
			);
			buildRules = (
			);
			dependencies = (
				139233D92CF67C05003802F6 /* PBXTargetDependency */,
			);
			fileSystemSynchronizedGroups = (
				139233DA2CF67C05003802F6 /* FloralDesignStudioTests */,
			);
			name = FloralDesignStudioTests;
			packageProductDependencies = (
			);
			productName = FloralDesignStudioTests;
			productReference = 139233D72CF67C05003802F6 /* FloralDesignStudioTests.xctest */;
			productType = "com.apple.product-type.bundle.unit-test";
		};
		139233E02CF67C05003802F6 /* FloralDesignStudioUITests */ = {
			isa = PBXNativeTarget;
			buildConfigurationList = 139233F12CF67C05003802F6 /* Build configuration list for PBXNativeTarget "FloralDesignStudioUITests" */;
			buildPhases = (
				139233DD2CF67C05003802F6 /* Sources */,
				139233DE2CF67C05003802F6 /* Frameworks */,
				139233DF2CF67C05003802F6 /* Resources */,
			);
			buildRules = (
			);
			dependencies = (
				139233E32CF67C05003802F6 /* PBXTargetDependency */,
			);
			fileSystemSynchronizedGroups = (
				139233E42CF67C05003802F6 /* FloralDesignStudioUITests */,
			);
			name = FloralDesignStudioUITests;
			packageProductDependencies = (
			);
			productName = FloralDesignStudioUITests;
			productReference = 139233E12CF67C05003802F6 /* FloralDesignStudioUITests.xctest */;
			productType = "com.apple.product-type.bundle.ui-testing";
		};
/* End PBXNativeTarget section */

/* Begin PBXProject section */
		139233BF2CF67C03003802F6 /* Project object */ = {
			isa = PBXProject;
			attributes = {
				BuildIndependentTargetsInParallel = 1;
				LastSwiftUpdateCheck = 1610;
				LastUpgradeCheck = 1610;
				TargetAttributes = {
					139233C62CF67C03003802F6 = {
						CreatedOnToolsVersion = 16.1;
					};
					139233D62CF67C05003802F6 = {
						CreatedOnToolsVersion = 16.1;
						TestTargetID = 139233C62CF67C03003802F6;
					};
					139233E02CF67C05003802F6 = {
						CreatedOnToolsVersion = 16.1;
						TestTargetID = 139233C62CF67C03003802F6;
					};
				};
			};
			buildConfigurationList = 139233C22CF67C03003802F6 /* Build configuration list for PBXProject "FloralDesignStudio" */;
			developmentRegion = en;
			hasScannedForEncodings = 0;
			knownRegions = (
				en,
				Base,
			);
			mainGroup = 139233BE2CF67C03003802F6;
			minimizedProjectReferenceProxies = 1;
			preferredProjectObjectVersion = 77;
			productRefGroup = 139233C82CF67C03003802F6 /* Products */;
			projectDirPath = "";
			projectRoot = "";
			targets = (
				139233C62CF67C03003802F6 /* FloralDesignStudio */,
				139233D62CF67C05003802F6 /* FloralDesignStudioTests */,
				139233E02CF67C05003802F6 /* FloralDesignStudioUITests */,
			);
		};
/* End PBXProject section */

/* Begin PBXResourcesBuildPhase section */
		139233C52CF67C03003802F6 /* Resources */ = {
			isa = PBXResourcesBuildPhase;
			buildActionMask = 2147483647;
			files = (
			);
			runOnlyForDeploymentPostprocessing = 0;
		};
		139233D52CF67C05003802F6 /* Resources */ = {
			isa = PBXResourcesBuildPhase;
			buildActionMask = 2147483647;
			files = (
			);
			runOnlyForDeploymentPostprocessing = 0;
		};
		139233DF2CF67C05003802F6 /* Resources */ = {
			isa = PBXResourcesBuildPhase;
			buildActionMask = 2147483647;
			files = (
			);
			runOnlyForDeploymentPostprocessing = 0;
		};
/* End PBXResourcesBuildPhase section */

/* Begin PBXSourcesBuildPhase section */
		139233C32CF67C03003802F6 /* Sources */ = {
			isa = PBXSourcesBuildPhase;
			buildActionMask = 2147483647;
			files = (
			);
			runOnlyForDeploymentPostprocessing = 0;
		};
		139233D32CF67C05003802F6 /* Sources */ = {
			isa = PBXSourcesBuildPhase;
			buildActionMask = 2147483647;
			files = (
			);
			runOnlyForDeploymentPostprocessing = 0;
		};
		139233DD2CF67C05003802F6 /* Sources */ = {
			isa = PBXSourcesBuildPhase;
			buildActionMask = 2147483647;
			files = (
			);
			runOnlyForDeploymentPostprocessing = 0;
		};
/* End PBXSourcesBuildPhase section */

/* Begin PBXTargetDependency section */
		139233D92CF67C05003802F6 /* PBXTargetDependency */ = {
			isa = PBXTargetDependency;
			target = 139233C62CF67C03003802F6 /* FloralDesignStudio */;
			targetProxy = 139233D82CF67C05003802F6 /* PBXContainerItemProxy */;
		};
		139233E32CF67C05003802F6 /* PBXTargetDependency */ = {
			isa = PBXTargetDependency;
			target = 139233C62CF67C03003802F6 /* FloralDesignStudio */;
			targetProxy = 139233E22CF67C05003802F6 /* PBXContainerItemProxy */;
		};
/* End PBXTargetDependency section */

/* Begin XCBuildConfiguration section */
		139233E92CF67C05003802F6 /* Debug */ = {
			isa = XCBuildConfiguration;
			buildSettings = {
				ALWAYS_SEARCH_USER_PATHS = NO;
				ASSETCATALOG_COMPILER_GENERATE_SWIFT_ASSET_SYMBOL_EXTENSIONS = YES;
				CLANG_ANALYZER_NONNULL = YES;
				CLANG_ANALYZER_NUMBER_OBJECT_CONVERSION = YES_AGGRESSIVE;
				CLANG_CXX_LANGUAGE_STANDARD = "gnu++20";
				CLANG_ENABLE_MODULES = YES;
				CLANG_ENABLE_OBJC_ARC = YES;
				CLANG_ENABLE_OBJC_WEAK = YES;
				CLANG_WARN_BLOCK_CAPTURE_AUTORELEASING = YES;
				CLANG_WARN_BOOL_CONVERSION = YES;
				CLANG_WARN_COMMA = YES;
				CLANG_WARN_CONSTANT_CONVERSION = YES;
				CLANG_WARN_DEPRECATED_OBJC_IMPLEMENTATIONS = YES;
				CLANG_WARN_DIRECT_OBJC_ISA_USAGE = YES_ERROR;
				CLANG_WARN_DOCUMENTATION_COMMENTS = YES;
				CLANG_WARN_EMPTY_BODY = YES;
				CLANG_WARN_ENUM_CONVERSION = YES;
				CLANG_WARN_INFINITE_RECURSION = YES;
				CLANG_WARN_INT_CONVERSION = YES;
				CLANG_WARN_NON_LITERAL_NULL_CONVERSION = YES;
				CLANG_WARN_OBJC_IMPLICIT_RETAIN_SELF = YES;
				CLANG_WARN_OBJC_LITERAL_CONVERSION = YES;
				CLANG_WARN_OBJC_ROOT_CLASS = YES_ERROR;
				CLANG_WARN_QUOTED_INCLUDE_IN_FRAMEWORK_HEADER = YES;
				CLANG_WARN_RANGE_LOOP_ANALYSIS = YES;
				CLANG_WARN_STRICT_PROTOTYPES = YES;
				CLANG_WARN_SUSPICIOUS_MOVE = YES;
				CLANG_WARN_UNGUARDED_AVAILABILITY = YES_AGGRESSIVE;
				CLANG_WARN_UNREACHABLE_CODE = YES;
				CLANG_WARN__DUPLICATE_METHOD_MATCH = YES;
				COPY_PHASE_STRIP = NO;
				DEBUG_INFORMATION_FORMAT = dwarf;
				ENABLE_STRICT_OBJC_MSGSEND = YES;
				ENABLE_TESTABILITY = YES;
				ENABLE_USER_SCRIPT_SANDBOXING = YES;
				GCC_C_LANGUAGE_STANDARD = gnu17;
				GCC_DYNAMIC_NO_PIC = NO;
				GCC_NO_COMMON_BLOCKS = YES;
				GCC_OPTIMIZATION_LEVEL = 0;
				GCC_PREPROCESSOR_DEFINITIONS = (
					"DEBUG=1",
					"$(inherited)",
				);
				GCC_WARN_64_TO_32_BIT_CONVERSION = YES;
				GCC_WARN_ABOUT_RETURN_TYPE = YES_ERROR;
				GCC_WARN_UNDECLARED_SELECTOR = YES;
				GCC_WARN_UNINITIALIZED_AUTOS = YES_AGGRESSIVE;
				GCC_WARN_UNUSED_FUNCTION = YES;
				GCC_WARN_UNUSED_VARIABLE = YES;
				IPHONEOS_DEPLOYMENT_TARGET = 18.1;
				LOCALIZATION_PREFERS_STRING_CATALOGS = YES;
				MTL_ENABLE_DEBUG_INFO = INCLUDE_SOURCE;
				MTL_FAST_MATH = YES;
				ONLY_ACTIVE_ARCH = YES;
				SDKROOT = iphoneos;
				SWIFT_ACTIVE_COMPILATION_CONDITIONS = "DEBUG $(inherited)";
				SWIFT_OPTIMIZATION_LEVEL = "-Onone";
			};
			name = Debug;
		};
		139233EA2CF67C05003802F6 /* Release */ = {
			isa = XCBuildConfiguration;
			buildSettings = {
				ALWAYS_SEARCH_USER_PATHS = NO;
				ASSETCATALOG_COMPILER_GENERATE_SWIFT_ASSET_SYMBOL_EXTENSIONS = YES;
				CLANG_ANALYZER_NONNULL = YES;
				CLANG_ANALYZER_NUMBER_OBJECT_CONVERSION = YES_AGGRESSIVE;
				CLANG_CXX_LANGUAGE_STANDARD = "gnu++20";
				CLANG_ENABLE_MODULES = YES;
				CLANG_ENABLE_OBJC_ARC = YES;
				CLANG_ENABLE_OBJC_WEAK = YES;
				CLANG_WARN_BLOCK_CAPTURE_AUTORELEASING = YES;
				CLANG_WARN_BOOL_CONVERSION = YES;
				CLANG_WARN_COMMA = YES;
				CLANG_WARN_CONSTANT_CONVERSION = YES;
				CLANG_WARN_DEPRECATED_OBJC_IMPLEMENTATIONS = YES;
				CLANG_WARN_DIRECT_OBJC_ISA_USAGE = YES_ERROR;
				CLANG_WARN_DOCUMENTATION_COMMENTS = YES;
				CLANG_WARN_EMPTY_BODY = YES;
				CLANG_WARN_ENUM_CONVERSION = YES;
				CLANG_WARN_INFINITE_RECURSION = YES;
				CLANG_WARN_INT_CONVERSION = YES;
				CLANG_WARN_NON_LITERAL_NULL_CONVERSION = YES;
				CLANG_WARN_OBJC_IMPLICIT_RETAIN_SELF = YES;
				CLANG_WARN_OBJC_LITERAL_CONVERSION = YES;
				CLANG_WARN_OBJC_ROOT_CLASS = YES_ERROR;
				CLANG_WARN_QUOTED_INCLUDE_IN_FRAMEWORK_HEADER = YES;
				CLANG_WARN_RANGE_LOOP_ANALYSIS = YES;
				CLANG_WARN_STRICT_PROTOTYPES = YES;
				CLANG_WARN_SUSPICIOUS_MOVE = YES;
				CLANG_WARN_UNGUARDED_AVAILABILITY = YES_AGGRESSIVE;
				CLANG_WARN_UNREACHABLE_CODE = YES;
				CLANG_WARN__DUPLICATE_METHOD_MATCH = YES;
				COPY_PHASE_STRIP = NO;
				DEBUG_INFORMATION_FORMAT = "dwarf-with-dsym";
				ENABLE_NS_ASSERTIONS = NO;
				ENABLE_STRICT_OBJC_MSGSEND = YES;
				ENABLE_USER_SCRIPT_SANDBOXING = YES;
				GCC_C_LANGUAGE_STANDARD = gnu17;
				GCC_NO_COMMON_BLOCKS = YES;
				GCC_WARN_64_TO_32_BIT_CONVERSION = YES;
				GCC_WARN_ABOUT_RETURN_TYPE = YES_ERROR;
				GCC_WARN_UNDECLARED_SELECTOR = YES;
				GCC_WARN_UNINITIALIZED_AUTOS = YES_AGGRESSIVE;
				GCC_WARN_UNUSED_FUNCTION = YES;
				GCC_WARN_UNUSED_VARIABLE = YES;
				IPHONEOS_DEPLOYMENT_TARGET = 18.1;
				LOCALIZATION_PREFERS_STRING_CATALOGS = YES;
				MTL_ENABLE_DEBUG_INFO = NO;
				MTL_FAST_MATH = YES;
				SDKROOT = iphoneos;
				SWIFT_COMPILATION_MODE = wholemodule;
				VALIDATE_PRODUCT = YES;
			};
			name = Release;
		};
		139233EC2CF67C05003802F6 /* Debug */ = {
			isa = XCBuildConfiguration;
			buildSettings = {
				ASSETCATALOG_COMPILER_APPICON_NAME = AppIcon;
				ASSETCATALOG_COMPILER_GLOBAL_ACCENT_COLOR_NAME = AccentColor;
				CODE_SIGN_STYLE = Automatic;
				CURRENT_PROJECT_VERSION = 1;
				DEVELOPMENT_ASSET_PATHS = "\"FloralDesignStudio/Preview Content\"";
				DEVELOPMENT_TEAM = VJPNLYL885;
				ENABLE_PREVIEWS = YES;
				GENERATE_INFOPLIST_FILE = YES;
				INFOPLIST_KEY_UIApplicationSceneManifest_Generation = YES;
				INFOPLIST_KEY_UIApplicationSupportsIndirectInputEvents = YES;
				INFOPLIST_KEY_UILaunchScreen_Generation = YES;
				INFOPLIST_KEY_UIStatusBarStyle = "";
				INFOPLIST_KEY_UISupportedInterfaceOrientations_iPad = "UIInterfaceOrientationPortrait UIInterfaceOrientationPortraitUpsideDown UIInterfaceOrientationLandscapeLeft UIInterfaceOrientationLandscapeRight";
				INFOPLIST_KEY_UISupportedInterfaceOrientations_iPhone = "UIInterfaceOrientationPortrait UIInterfaceOrientationLandscapeLeft UIInterfaceOrientationLandscapeRight";
				LD_RUNPATH_SEARCH_PATHS = (
					"$(inherited)",
					"@executable_path/Frameworks",
				);
				MARKETING_VERSION = 1.0;
				PRODUCT_BUNDLE_IDENTIFIER = com.poppyleigh.FloralDesignStudio;
				PRODUCT_NAME = "$(TARGET_NAME)";
				SWIFT_EMIT_LOC_STRINGS = YES;
				SWIFT_VERSION = 5.0;
				TARGETED_DEVICE_FAMILY = "1,2";
			};
			name = Debug;
		};
		139233ED2CF67C05003802F6 /* Release */ = {
			isa = XCBuildConfiguration;
			buildSettings = {
				ASSETCATALOG_COMPILER_APPICON_NAME = AppIcon;
				ASSETCATALOG_COMPILER_GLOBAL_ACCENT_COLOR_NAME = AccentColor;
				CODE_SIGN_STYLE = Automatic;
				CURRENT_PROJECT_VERSION = 1;
				DEVELOPMENT_ASSET_PATHS = "\"FloralDesignStudio/Preview Content\"";
				DEVELOPMENT_TEAM = VJPNLYL885;
				ENABLE_PREVIEWS = YES;
				GENERATE_INFOPLIST_FILE = YES;
				INFOPLIST_KEY_UIApplicationSceneManifest_Generation = YES;
				INFOPLIST_KEY_UIApplicationSupportsIndirectInputEvents = YES;
				INFOPLIST_KEY_UILaunchScreen_Generation = YES;
				INFOPLIST_KEY_UIStatusBarStyle = "";
				INFOPLIST_KEY_UISupportedInterfaceOrientations_iPad = "UIInterfaceOrientationPortrait UIInterfaceOrientationPortraitUpsideDown UIInterfaceOrientationLandscapeLeft UIInterfaceOrientationLandscapeRight";
				INFOPLIST_KEY_UISupportedInterfaceOrientations_iPhone = "UIInterfaceOrientationPortrait UIInterfaceOrientationLandscapeLeft UIInterfaceOrientationLandscapeRight";
				LD_RUNPATH_SEARCH_PATHS = (
					"$(inherited)",
					"@executable_path/Frameworks",
				);
				MARKETING_VERSION = 1.0;
				PRODUCT_BUNDLE_IDENTIFIER = com.poppyleigh.FloralDesignStudio;
				PRODUCT_NAME = "$(TARGET_NAME)";
				SWIFT_EMIT_LOC_STRINGS = YES;
				SWIFT_VERSION = 5.0;
				TARGETED_DEVICE_FAMILY = "1,2";
			};
			name = Release;
		};
		139233EF2CF67C05003802F6 /* Debug */ = {
			isa = XCBuildConfiguration;
			buildSettings = {
				BUNDLE_LOADER = "$(TEST_HOST)";
				CODE_SIGN_STYLE = Automatic;
				CURRENT_PROJECT_VERSION = 1;
				DEVELOPMENT_TEAM = VJPNLYL885;
				GENERATE_INFOPLIST_FILE = YES;
				IPHONEOS_DEPLOYMENT_TARGET = 18.1;
				MARKETING_VERSION = 1.0;
				PRODUCT_BUNDLE_IDENTIFIER = com.poppyleigh.FloralDesignStudioTests;
				PRODUCT_NAME = "$(TARGET_NAME)";
				SWIFT_EMIT_LOC_STRINGS = NO;
				SWIFT_VERSION = 5.0;
				TARGETED_DEVICE_FAMILY = "1,2";
				TEST_HOST = "$(BUILT_PRODUCTS_DIR)/FloralDesignStudio.app/$(BUNDLE_EXECUTABLE_FOLDER_PATH)/FloralDesignStudio";
			};
			name = Debug;
		};
		139233F02CF67C05003802F6 /* Release */ = {
			isa = XCBuildConfiguration;
			buildSettings = {
				BUNDLE_LOADER = "$(TEST_HOST)";
				CODE_SIGN_STYLE = Automatic;
				CURRENT_PROJECT_VERSION = 1;
				DEVELOPMENT_TEAM = VJPNLYL885;
				GENERATE_INFOPLIST_FILE = YES;
				IPHONEOS_DEPLOYMENT_TARGET = 18.1;
				MARKETING_VERSION = 1.0;
				PRODUCT_BUNDLE_IDENTIFIER = com.poppyleigh.FloralDesignStudioTests;
				PRODUCT_NAME = "$(TARGET_NAME)";
				SWIFT_EMIT_LOC_STRINGS = NO;
				SWIFT_VERSION = 5.0;
				TARGETED_DEVICE_FAMILY = "1,2";
				TEST_HOST = "$(BUILT_PRODUCTS_DIR)/FloralDesignStudio.app/$(BUNDLE_EXECUTABLE_FOLDER_PATH)/FloralDesignStudio";
			};
			name = Release;
		};
		139233F22CF67C05003802F6 /* Debug */ = {
			isa = XCBuildConfiguration;
			buildSettings = {
				CODE_SIGN_STYLE = Automatic;
				CURRENT_PROJECT_VERSION = 1;
				DEVELOPMENT_TEAM = VJPNLYL885;
				GENERATE_INFOPLIST_FILE = YES;
				MARKETING_VERSION = 1.0;
				PRODUCT_BUNDLE_IDENTIFIER = com.poppyleigh.FloralDesignStudioUITests;
				PRODUCT_NAME = "$(TARGET_NAME)";
				SWIFT_EMIT_LOC_STRINGS = NO;
				SWIFT_VERSION = 5.0;
				TARGETED_DEVICE_FAMILY = "1,2";
				TEST_TARGET_NAME = FloralDesignStudio;
			};
			name = Debug;
		};
		139233F32CF67C05003802F6 /* Release */ = {
			isa = XCBuildConfiguration;
			buildSettings = {
				CODE_SIGN_STYLE = Automatic;
				CURRENT_PROJECT_VERSION = 1;
				DEVELOPMENT_TEAM = VJPNLYL885;
				GENERATE_INFOPLIST_FILE = YES;
				MARKETING_VERSION = 1.0;
				PRODUCT_BUNDLE_IDENTIFIER = com.poppyleigh.FloralDesignStudioUITests;
				PRODUCT_NAME = "$(TARGET_NAME)";
				SWIFT_EMIT_LOC_STRINGS = NO;
				SWIFT_VERSION = 5.0;
				TARGETED_DEVICE_FAMILY = "1,2";
				TEST_TARGET_NAME = FloralDesignStudio;
			};
			name = Release;
		};
/* End XCBuildConfiguration section */

/* Begin XCConfigurationList section */
		139233C22CF67C03003802F6 /* Build configuration list for PBXProject "FloralDesignStudio" */ = {
			isa = XCConfigurationList;
			buildConfigurations = (
				139233E92CF67C05003802F6 /* Debug */,
				139233EA2CF67C05003802F6 /* Release */,
			);
			defaultConfigurationIsVisible = 0;
			defaultConfigurationName = Release;
		};
		139233EB2CF67C05003802F6 /* Build configuration list for PBXNativeTarget "FloralDesignStudio" */ = {
			isa = XCConfigurationList;
			buildConfigurations = (
				139233EC2CF67C05003802F6 /* Debug */,
				139233ED2CF67C05003802F6 /* Release */,
			);
			defaultConfigurationIsVisible = 0;
			defaultConfigurationName = Release;
		};
		139233EE2CF67C05003802F6 /* Build configuration list for PBXNativeTarget "FloralDesignStudioTests" */ = {
			isa = XCConfigurationList;
			buildConfigurations = (
				139233EF2CF67C05003802F6 /* Debug */,
				139233F02CF67C05003802F6 /* Release */,
			);
			defaultConfigurationIsVisible = 0;
			defaultConfigurationName = Release;
		};
		139233F12CF67C05003802F6 /* Build configuration list for PBXNativeTarget "FloralDesignStudioUITests" */ = {
			isa = XCConfigurationList;
			buildConfigurations = (
				139233F22CF67C05003802F6 /* Debug */,
				139233F32CF67C05003802F6 /* Release */,
			);
			defaultConfigurationIsVisible = 0;
			defaultConfigurationName = Release;
		};
/* End XCConfigurationList section */
	};
	rootObject = 139233BF2CF67C03003802F6 /* Project object */;
}
